
Microsoft Visual Studio Solution File, Format Version 12.00
# Visual Studio Version 17
VisualStudioVersion = 17.1.32407.343
MinimumVisualStudioVersion = 10.0.40219.1
Project("{FAE04EC0-301F-11D3-BF4B-00C04F79EFBC}") = "MiniCore_ASP.NET_Daniel_Bustos", "MiniCore_ASP.NET_Daniel_Bustos\MiniCore_ASP.NET_Daniel_Bustos.csproj", "{CCCBFAFA-31AA-48F0-9448-0421FE8F0FEC}"
EndProject
Global
	GlobalSection(SolutionConfigurationPlatforms) = preSolution
		Debug|Any CPU = Debug|Any CPU
		Release|Any CPU = Release|Any CPU
	EndGlobalSection
	GlobalSection(ProjectConfigurationPlatforms) = postSolution
		{CCCBFAFA-31AA-48F0-9448-0421FE8F0FEC}.Debug|Any CPU.ActiveCfg = Debug|Any CPU
		{CCCBFAFA-31AA-48F0-9448-0421FE8F0FEC}.Debug|Any CPU.Build.0 = Debug|Any CPU
		{CCCBFAFA-31AA-48F0-9448-0421FE8F0FEC}.Release|Any CPU.ActiveCfg = Release|Any CPU
		{CCCBFAFA-31AA-48F0-9448-0421FE8F0FEC}.Release|Any CPU.Build.0 = Release|Any CPU
	EndGlobalSection
	GlobalSection(SolutionProperties) = preSolution
		HideSolutionNode = FALSE
	EndGlobalSection
	GlobalSection(ExtensibilityGlobals) = postSolution
		SolutionGuid = {AEC70817-5CC7-4430-8CB1-3E458C0C1975}
	EndGlobalSection
EndGlobal
